// !$*UTF8*$!
{
	archiveVersion = 1;
	classes = {
	};
	objectVersion = 56;
	objects = {

/* Begin PBXBuildFile section */
		010000000000000000000001 /* TemirlanToDoApp.swift in Sources */ = {isa = PBXBuildFile; fileRef = 020000000000000000000001 /* TemirlanToDoApp.swift */; };
		010000000000000000000002 /* TaskItem.swift in Sources */ = {isa = PBXBuildFile; fileRef = 020000000000000000000002 /* TaskItem.swift */; };
		010000000000000000000003 /* TaskListKind.swift in Sources */ = {isa = PBXBuildFile; fileRef = 020000000000000000000003 /* TaskListKind.swift */; };
		010000000000000000000004 /* TaskStorage.swift in Sources */ = {isa = PBXBuildFile; fileRef = 020000000000000000000004 /* TaskStorage.swift */; };
		010000000000000000000005 /* TaskStore.swift in Sources */ = {isa = PBXBuildFile; fileRef = 020000000000000000000005 /* TaskStore.swift */; };
		010000000000000000000006 /* CyberpunkTheme.swift in Sources */ = {isa = PBXBuildFile; fileRef = 020000000000000000000006 /* CyberpunkTheme.swift */; };
		010000000000000000000007 /* RootView.swift in Sources */ = {isa = PBXBuildFile; fileRef = 020000000000000000000007 /* RootView.swift */; };
		010000000000000000000008 /* TaskListView.swift in Sources */ = {isa = PBXBuildFile; fileRef = 020000000000000000000008 /* TaskListView.swift */; };
		010000000000000000000009 /* TaskRowView.swift in Sources */ = {isa = PBXBuildFile; fileRef = 020000000000000000000009 /* TaskRowView.swift */; };
		01000000000000000000000A /* AddTaskComposerView.swift in Sources */ = {isa = PBXBuildFile; fileRef = 02000000000000000000000A /* AddTaskComposerView.swift */; };
		01000000000000000000000B /* TaskDetailView.swift in Sources */ = {isa = PBXBuildFile; fileRef = 02000000000000000000000B /* TaskDetailView.swift */; };
		01000000000000000000000C /* TaskStoreTests.swift in Sources */ = {isa = PBXBuildFile; fileRef = 02000000000000000000000C /* TaskStoreTests.swift */; };
		01000000000000000000000D /* TaskStorageTests.swift in Sources */ = {isa = PBXBuildFile; fileRef = 02000000000000000000000D /* TaskStorageTests.swift */; };
		01000000000000000000000E /* Assets.xcassets in Resources */ = {isa = PBXBuildFile; fileRef = 020000000000000000000012 /* Assets.xcassets */; };
		01000000000000000000000F /* AssistantModels.swift in Sources */ = {isa = PBXBuildFile; fileRef = 020000000000000000000013 /* AssistantModels.swift */; };
		010000000000000000000010 /* KeychainStore.swift in Sources */ = {isa = PBXBuildFile; fileRef = 020000000000000000000014 /* KeychainStore.swift */; };
		010000000000000000000011 /* OpenAIClient.swift in Sources */ = {isa = PBXBuildFile; fileRef = 020000000000000000000015 /* OpenAIClient.swift */; };
		010000000000000000000012 /* AssistantService.swift in Sources */ = {isa = PBXBuildFile; fileRef = 020000000000000000000016 /* AssistantService.swift */; };
		010000000000000000000013 /* AssistantView.swift in Sources */ = {isa = PBXBuildFile; fileRef = 020000000000000000000017 /* AssistantView.swift */; };
		010000000000000000000014 /* AISettingsView.swift in Sources */ = {isa = PBXBuildFile; fileRef = 020000000000000000000018 /* AISettingsView.swift */; };
		010000000000000000000015 /* AssistantModelsTests.swift in Sources */ = {isa = PBXBuildFile; fileRef = 020000000000000000000019 /* AssistantModelsTests.swift */; };
		010000000000000000000016 /* AssistantActionsTests.swift in Sources */ = {isa = PBXBuildFile; fileRef = 02000000000000000000001A /* AssistantActionsTests.swift */; };
/* End PBXBuildFile section */

/* Begin PBXContainerItemProxy section */
		030000000000000000000001 /* PBXContainerItemProxy */ = {
			isa = PBXContainerItemProxy;
			containerPortal = 040000000000000000000001 /* Project object */;
			proxyType = 1;
			remoteGlobalIDString = 050000000000000000000001;
			remoteInfo = TemirlanToDo;
		};
/* End PBXContainerItemProxy section */

/* Begin PBXFileReference section */
		020000000000000000000001 /* TemirlanToDoApp.swift */ = {isa = PBXFileReference; lastKnownFileType = sourcecode.swift; path = TemirlanToDoApp.swift; sourceTree = "<group>"; };
		020000000000000000000002 /* TaskItem.swift */ = {isa = PBXFileReference; lastKnownFileType = sourcecode.swift; path = TaskItem.swift; sourceTree = "<group>"; };
		020000000000000000000003 /* TaskListKind.swift */ = {isa = PBXFileReference; lastKnownFileType = sourcecode.swift; path = TaskListKind.swift; sourceTree = "<group>"; };
		020000000000000000000004 /* TaskStorage.swift */ = {isa = PBXFileReference; lastKnownFileType = sourcecode.swift; path = TaskStorage.swift; sourceTree = "<group>"; };
		020000000000000000000005 /* TaskStore.swift */ = {isa = PBXFileReference; lastKnownFileType = sourcecode.swift; path = TaskStore.swift; sourceTree = "<group>"; };
		020000000000000000000006 /* CyberpunkTheme.swift */ = {isa = PBXFileReference; lastKnownFileType = sourcecode.swift; path = CyberpunkTheme.swift; sourceTree = "<group>"; };
		020000000000000000000007 /* RootView.swift */ = {isa = PBXFileReference; lastKnownFileType = sourcecode.swift; path = RootView.swift; sourceTree = "<group>"; };
		020000000000000000000008 /* TaskListView.swift */ = {isa = PBXFileReference; lastKnownFileType = sourcecode.swift; path = TaskListView.swift; sourceTree = "<group>"; };
		020000000000000000000009 /* TaskRowView.swift */ = {isa = PBXFileReference; lastKnownFileType = sourcecode.swift; path = TaskRowView.swift; sourceTree = "<group>"; };
		02000000000000000000000A /* AddTaskComposerView.swift */ = {isa = PBXFileReference; lastKnownFileType = sourcecode.swift; path = AddTaskComposerView.swift; sourceTree = "<group>"; };
		02000000000000000000000B /* TaskDetailView.swift */ = {isa = PBXFileReference; lastKnownFileType = sourcecode.swift; path = TaskDetailView.swift; sourceTree = "<group>"; };
		02000000000000000000000C /* TaskStoreTests.swift */ = {isa = PBXFileReference; lastKnownFileType = sourcecode.swift; path = TaskStoreTests.swift; sourceTree = "<group>"; };
		02000000000000000000000D /* TaskStorageTests.swift */ = {isa = PBXFileReference; lastKnownFileType = sourcecode.swift; path = TaskStorageTests.swift; sourceTree = "<group>"; };
		02000000000000000000000E /* Info.plist */ = {isa = PBXFileReference; lastKnownFileType = text.plist.xml; path = Info.plist; sourceTree = "<group>"; };
		02000000000000000000000F /* Info.plist */ = {isa = PBXFileReference; lastKnownFileType = text.plist.xml; path = Info.plist; sourceTree = "<group>"; };
		020000000000000000000010 /* TemirlanToDo.app */ = {isa = PBXFileReference; explicitFileType = wrapper.application; includeInIndex = 0; path = TemirlanToDo.app; sourceTree = BUILT_PRODUCTS_DIR; };
		020000000000000000000011 /* TemirlanToDoTests.xctest */ = {isa = PBXFileReference; explicitFileType = wrapper.cfbundle; includeInIndex = 0; path = TemirlanToDoTests.xctest; sourceTree = BUILT_PRODUCTS_DIR; };
		020000000000000000000012 /* Assets.xcassets */ = {isa = PBXFileReference; lastKnownFileType = folder.assetcatalog; path = Assets.xcassets; sourceTree = "<group>"; };
		020000000000000000000013 /* AssistantModels.swift */ = {isa = PBXFileReference; lastKnownFileType = sourcecode.swift; path = AssistantModels.swift; sourceTree = "<group>"; };
		020000000000000000000014 /* KeychainStore.swift */ = {isa = PBXFileReference; lastKnownFileType = sourcecode.swift; path = KeychainStore.swift; sourceTree = "<group>"; };
		020000000000000000000015 /* OpenAIClient.swift */ = {isa = PBXFileReference; lastKnownFileType = sourcecode.swift; path = OpenAIClient.swift; sourceTree = "<group>"; };
		020000000000000000000016 /* AssistantService.swift */ = {isa = PBXFileReference; lastKnownFileType = sourcecode.swift; path = AssistantService.swift; sourceTree = "<group>"; };
		020000000000000000000017 /* AssistantView.swift */ = {isa = PBXFileReference; lastKnownFileType = sourcecode.swift; path = AssistantView.swift; sourceTree = "<group>"; };
		020000000000000000000018 /* AISettingsView.swift */ = {isa = PBXFileReference; lastKnownFileType = sourcecode.swift; path = AISettingsView.swift; sourceTree = "<group>"; };
		020000000000000000000019 /* AssistantModelsTests.swift */ = {isa = PBXFileReference; lastKnownFileType = sourcecode.swift; path = AssistantModelsTests.swift; sourceTree = "<group>"; };
		02000000000000000000001A /* AssistantActionsTests.swift */ = {isa = PBXFileReference; lastKnownFileType = sourcecode.swift; path = AssistantActionsTests.swift; sourceTree = "<group>"; };
/* End PBXFileReference section */

/* Begin PBXFrameworksBuildPhase section */
		060000000000000000000001 /* Frameworks */ = {
			isa = PBXFrameworksBuildPhase;
			buildActionMask = 2147483647;
			files = (
			);
			runOnlyForDeploymentPostprocessing = 0;
		};
		060000000000000000000002 /* Frameworks */ = {
			isa = PBXFrameworksBuildPhase;
			buildActionMask = 2147483647;
			files = (
			);
			runOnlyForDeploymentPostprocessing = 0;
		};
/* End PBXFrameworksBuildPhase section */

/* Begin PBXGroup section */
		070000000000000000000001 = {
			isa = PBXGroup;
			children = (
				070000000000000000000002 /* TemirlanToDo */,
				070000000000000000000007 /* TemirlanToDoTests */,
				070000000000000000000008 /* Products */,
			);
			sourceTree = "<group>";
		};
		070000000000000000000002 /* TemirlanToDo */ = {
			isa = PBXGroup;
			children = (
				020000000000000000000001 /* TemirlanToDoApp.swift */,
				070000000000000000000003 /* Models */,
				070000000000000000000004 /* Storage */,
				070000000000000000000005 /* Stores */,
				070000000000000000000006 /* Theme */,
				07000000000000000000000A /* AI */,
				070000000000000000000009 /* Views */,
				020000000000000000000012 /* Assets.xcassets */,
				02000000000000000000000E /* Info.plist */,
			);
			path = TemirlanToDo;
			sourceTree = "<group>";
		};
		070000000000000000000003 /* Models */ = {
			isa = PBXGroup;
			children = (
				020000000000000000000002 /* TaskItem.swift */,
				020000000000000000000003 /* TaskListKind.swift */,
			);
			path = Models;
			sourceTree = "<group>";
		};
		070000000000000000000004 /* Storage */ = {
			isa = PBXGroup;
			children = (
				020000000000000000000004 /* TaskStorage.swift */,
			);
			path = Storage;
			sourceTree = "<group>";
		};
		070000000000000000000005 /* Stores */ = {
			isa = PBXGroup;
			children = (
				020000000000000000000005 /* TaskStore.swift */,
			);
			path = Stores;
			sourceTree = "<group>";
		};
		070000000000000000000006 /* Theme */ = {
			isa = PBXGroup;
			children = (
				020000000000000000000006 /* CyberpunkTheme.swift */,
			);
			path = Theme;
			sourceTree = "<group>";
		};
		070000000000000000000007 /* TemirlanToDoTests */ = {
			isa = PBXGroup;
			children = (
				02000000000000000000000C /* TaskStoreTests.swift */,
				02000000000000000000000D /* TaskStorageTests.swift */,
				020000000000000000000019 /* AssistantModelsTests.swift */,
				02000000000000000000001A /* AssistantActionsTests.swift */,
				02000000000000000000000F /* Info.plist */,
			);
			path = TemirlanToDoTests;
			sourceTree = "<group>";
		};
		070000000000000000000008 /* Products */ = {
			isa = PBXGroup;
			children = (
				020000000000000000000010 /* TemirlanToDo.app */,
				020000000000000000000011 /* TemirlanToDoTests.xctest */,
			);
			name = Products;
			sourceTree = "<group>";
		};
		070000000000000000000009 /* Views */ = {
			isa = PBXGroup;
			children = (
				020000000000000000000007 /* RootView.swift */,
				020000000000000000000008 /* TaskListView.swift */,
				020000000000000000000009 /* TaskRowView.swift */,
				02000000000000000000000A /* AddTaskComposerView.swift */,
				02000000000000000000000B /* TaskDetailView.swift */,
				020000000000000000000017 /* AssistantView.swift */,
				020000000000000000000018 /* AISettingsView.swift */,
			);
			path = Views;
			sourceTree = "<group>";
		};
		07000000000000000000000A /* AI */ = {
			isa = PBXGroup;
			children = (
				020000000000000000000013 /* AssistantModels.swift */,
				020000000000000000000014 /* KeychainStore.swift */,
				020000000000000000000015 /* OpenAIClient.swift */,
				020000000000000000000016 /* AssistantService.swift */,
			);
			path = AI;
			sourceTree = "<group>";
		};
/* End PBXGroup section */

/* Begin PBXNativeTarget section */
		050000000000000000000001 /* TemirlanToDo */ = {
			isa = PBXNativeTarget;
			buildConfigurationList = 090000000000000000000002 /* Build configuration list for PBXNativeTarget "TemirlanToDo" */;
			buildPhases = (
				080000000000000000000001 /* Sources */,
				060000000000000000000001 /* Frameworks */,
				080000000000000000000002 /* Resources */,
			);
			buildRules = (
			);
			dependencies = (
			);
			name = TemirlanToDo;
			productName = TemirlanToDo;
			productReference = 020000000000000000000010 /* TemirlanToDo.app */;
			productType = "com.apple.product-type.application";
		};
		050000000000000000000002 /* TemirlanToDoTests */ = {
			isa = PBXNativeTarget;
			buildConfigurationList = 090000000000000000000003 /* Build configuration list for PBXNativeTarget "TemirlanToDoTests" */;
			buildPhases = (
				080000000000000000000003 /* Sources */,
				060000000000000000000002 /* Frameworks */,
				080000000000000000000004 /* Resources */,
			);
			buildRules = (
			);
			dependencies = (
				0A0000000000000000000001 /* PBXTargetDependency */,
			);
			name = TemirlanToDoTests;
			productName = TemirlanToDoTests;
			productReference = 020000000000000000000011 /* TemirlanToDoTests.xctest */;
			productType = "com.apple.product-type.bundle.unit-test";
		};
/* End PBXNativeTarget section */

/* Begin PBXProject section */
		040000000000000000000001 /* Project object */ = {
			isa = PBXProject;
			attributes = {
				BuildIndependentTargetsInParallel = 1;
				LastSwiftUpdateCheck = 1520;
				LastUpgradeCheck = 1520;
				TargetAttributes = {
					050000000000000000000001 = {
						CreatedOnToolsVersion = 15.2;
					};
					050000000000000000000002 = {
						CreatedOnToolsVersion = 15.2;
						TestTargetID = 050000000000000000000001;
					};
				};
			};
			buildConfigurationList = 090000000000000000000001 /* Build configuration list for PBXProject "TemirlanToDo" */;
			compatibilityVersion = "Xcode 14.0";
			developmentRegion = en;
			hasScannedForEncodings = 0;
			knownRegions = (
				en,
				Base,
			);
			mainGroup = 070000000000000000000001;
			productRefGroup = 070000000000000000000008 /* Products */;
			projectDirPath = "";
			projectRoot = "";
			targets = (
				050000000000000000000001 /* TemirlanToDo */,
				050000000000000000000002 /* TemirlanToDoTests */,
			);
		};
/* End PBXProject section */

/* Begin PBXResourcesBuildPhase section */
		080000000000000000000002 /* Resources */ = {
			isa = PBXResourcesBuildPhase;
			buildActionMask = 2147483647;
			files = (
				01000000000000000000000E /* Assets.xcassets in Resources */,
			);
			runOnlyForDeploymentPostprocessing = 0;
		};
		080000000000000000000004 /* Resources */ = {
			isa = PBXResourcesBuildPhase;
			buildActionMask = 2147483647;
			files = (
			);
			runOnlyForDeploymentPostprocessing = 0;
		};
/* End PBXResourcesBuildPhase section */

/* Begin PBXSourcesBuildPhase section */
		080000000000000000000001 /* Sources */ = {
			isa = PBXSourcesBuildPhase;
			buildActionMask = 2147483647;
			files = (
				010000000000000000000001 /* TemirlanToDoApp.swift in Sources */,
				010000000000000000000002 /* TaskItem.swift in Sources */,
				010000000000000000000003 /* TaskListKind.swift in Sources */,
				010000000000000000000004 /* TaskStorage.swift in Sources */,
				010000000000000000000005 /* TaskStore.swift in Sources */,
				010000000000000000000006 /* CyberpunkTheme.swift in Sources */,
				010000000000000000000007 /* RootView.swift in Sources */,
				010000000000000000000008 /* TaskListView.swift in Sources */,
				010000000000000000000009 /* TaskRowView.swift in Sources */,
				01000000000000000000000A /* AddTaskComposerView.swift in Sources */,
				01000000000000000000000B /* TaskDetailView.swift in Sources */,
				01000000000000000000000F /* AssistantModels.swift in Sources */,
				010000000000000000000010 /* KeychainStore.swift in Sources */,
				010000000000000000000011 /* OpenAIClient.swift in Sources */,
				010000000000000000000012 /* AssistantService.swift in Sources */,
				010000000000000000000013 /* AssistantView.swift in Sources */,
				010000000000000000000014 /* AISettingsView.swift in Sources */,
			);
			runOnlyForDeploymentPostprocessing = 0;
		};
		080000000000000000000003 /* Sources */ = {
			isa = PBXSourcesBuildPhase;
			buildActionMask = 2147483647;
			files = (
				01000000000000000000000C /* TaskStoreTests.swift in Sources */,
				01000000000000000000000D /* TaskStorageTests.swift in Sources */,
				010000000000000000000015 /* AssistantModelsTests.swift in Sources */,
				010000000000000000000016 /* AssistantActionsTests.swift in Sources */,
			);
			runOnlyForDeploymentPostprocessing = 0;
		};
/* End PBXSourcesBuildPhase section */

/* Begin PBXTargetDependency section */
		0A0000000000000000000001 /* PBXTargetDependency */ = {
			isa = PBXTargetDependency;
			target = 050000000000000000000001 /* TemirlanToDo */;
			targetProxy = 030000000000000000000001 /* PBXContainerItemProxy */;
		};
/* End PBXTargetDependency section */

/* Begin XCBuildConfiguration section */
		0B0000000000000000000001 /* Debug */ = {
			isa = XCBuildConfiguration;
			buildSettings = {
				ALWAYS_SEARCH_USER_PATHS = NO;
				CLANG_ANALYZER_NONNULL = YES;
				CLANG_ANALYZER_NUMBER_OBJECT_CONVERSION = YES_AGGRESSIVE;
				CLANG_CXX_LANGUAGE_STANDARD = "gnu++20";
				CLANG_ENABLE_MODULES = YES;
				CLANG_ENABLE_OBJC_ARC = YES;
				CLANG_ENABLE_OBJC_WEAK = YES;
				CLANG_WARN_BLOCK_CAPTURE_AUTORELEASING = YES;
				CLANG_WARN_BOOL_CONVERSION = YES;
				CLANG_WARN_COMMA = YES;
				CLANG_WARN_CONSTANT_CONVERSION = YES;
				CLANG_WARN_DEPRECATED_OBJC_IMPLEMENTATIONS = YES;
				CLANG_WARN_DIRECT_OBJC_ISA_USAGE = YES_ERROR;
				CLANG_WARN_DOCUMENTATION_COMMENTS = YES;
				CLANG_WARN_EMPTY_BODY = YES;
				CLANG_WARN_ENUM_CONVERSION = YES;
				CLANG_WARN_INFINITE_RECURSION = YES;
				CLANG_WARN_INT_CONVERSION = YES;
				CLANG_WARN_NON_LITERAL_NULL_CONVERSION = YES;
				CLANG_WARN_OBJC_IMPLICIT_RETAIN_SELF = YES;
				CLANG_WARN_OBJC_LITERAL_CONVERSION = YES;
				CLANG_WARN_OBJC_ROOT_CLASS = YES_ERROR;
				CLANG_WARN_QUOTED_INCLUDE_IN_FRAMEWORK_HEADER = YES;
				CLANG_WARN_RANGE_LOOP_ANALYSIS = YES;
				CLANG_WARN_STRICT_PROTOTYPES = YES;
				CLANG_WARN_SUSPICIOUS_MOVE = YES;
				CLANG_WARN_UNGUARDED_AVAILABILITY = YES_AGGRESSIVE;
				CLANG_WARN_UNREACHABLE_CODE = YES;
				COPY_PHASE_STRIP = NO;
				DEBUG_INFORMATION_FORMAT = dwarf;
				ENABLE_STRICT_OBJC_MSGSEND = YES;
				ENABLE_TESTABILITY = YES;
				GCC_C_LANGUAGE_STANDARD = gnu17;
				GCC_DYNAMIC_NO_PIC = NO;
				GCC_NO_COMMON_BLOCKS = YES;
				GCC_OPTIMIZATION_LEVEL = 0;
				GCC_PREPROCESSOR_DEFINITIONS = (
					"DEBUG=1",
					"$(inherited)",
				);
				GCC_WARN_64_TO_32_BIT_CONVERSION = YES;
				GCC_WARN_ABOUT_RETURN_TYPE = YES_ERROR;
				GCC_WARN_UNDECLARED_SELECTOR = YES;
				GCC_WARN_UNINITIALIZED_AUTOS = YES_AGGRESSIVE;
				GCC_WARN_UNUSED_FUNCTION = YES;
				GCC_WARN_UNUSED_VARIABLE = YES;
				IPHONEOS_DEPLOYMENT_TARGET = 15.0;
				MTL_ENABLE_DEBUG_INFO = INCLUDE_SOURCE;
				MTL_FAST_MATH = YES;
				ONLY_ACTIVE_ARCH = YES;
				SDKROOT = iphoneos;
				SWIFT_ACTIVE_COMPILATION_CONDITIONS = DEBUG;
				SWIFT_OPTIMIZATION_LEVEL = "-Onone";
			};
			name = Debug;
		};
		0B0000000000000000000002 /* Release */ = {
			isa = XCBuildConfiguration;
			buildSettings = {
				ALWAYS_SEARCH_USER_PATHS = NO;
				CLANG_ANALYZER_NONNULL = YES;
				CLANG_ANALYZER_NUMBER_OBJECT_CONVERSION = YES_AGGRESSIVE;
				CLANG_CXX_LANGUAGE_STANDARD = "gnu++20";
				CLANG_ENABLE_MODULES = YES;
				CLANG_ENABLE_OBJC_ARC = YES;
				CLANG_ENABLE_OBJC_WEAK = YES;
				CLANG_WARN_BLOCK_CAPTURE_AUTORELEASING = YES;
				CLANG_WARN_BOOL_CONVERSION = YES;
				CLANG_WARN_COMMA = YES;
				CLANG_WARN_CONSTANT_CONVERSION = YES;
				CLANG_WARN_DEPRECATED_OBJC_IMPLEMENTATIONS = YES;
				CLANG_WARN_DIRECT_OBJC_ISA_USAGE = YES_ERROR;
				CLANG_WARN_DOCUMENTATION_COMMENTS = YES;
				CLANG_WARN_EMPTY_BODY = YES;
				CLANG_WARN_ENUM_CONVERSION = YES;
				CLANG_WARN_INFINITE_RECURSION = YES;
				CLANG_WARN_INT_CONVERSION = YES;
				CLANG_WARN_NON_LITERAL_NULL_CONVERSION = YES;
				CLANG_WARN_OBJC_IMPLICIT_RETAIN_SELF = YES;
				CLANG_WARN_OBJC_LITERAL_CONVERSION = YES;
				CLANG_WARN_OBJC_ROOT_CLASS = YES_ERROR;
				CLANG_WARN_QUOTED_INCLUDE_IN_FRAMEWORK_HEADER = YES;
				CLANG_WARN_RANGE_LOOP_ANALYSIS = YES;
				CLANG_WARN_STRICT_PROTOTYPES = YES;
				CLANG_WARN_SUSPICIOUS_MOVE = YES;
				CLANG_WARN_UNGUARDED_AVAILABILITY = YES_AGGRESSIVE;
				CLANG_WARN_UNREACHABLE_CODE = YES;
				COPY_PHASE_STRIP = NO;
				DEBUG_INFORMATION_FORMAT = "dwarf-with-dsym";
				ENABLE_NS_ASSERTIONS = NO;
				ENABLE_STRICT_OBJC_MSGSEND = YES;
				GCC_C_LANGUAGE_STANDARD = gnu17;
				GCC_NO_COMMON_BLOCKS = YES;
				GCC_WARN_64_TO_32_BIT_CONVERSION = YES;
				GCC_WARN_ABOUT_RETURN_TYPE = YES_ERROR;
				GCC_WARN_UNDECLARED_SELECTOR = YES;
				GCC_WARN_UNINITIALIZED_AUTOS = YES_AGGRESSIVE;
				GCC_WARN_UNUSED_FUNCTION = YES;
				GCC_WARN_UNUSED_VARIABLE = YES;
				IPHONEOS_DEPLOYMENT_TARGET = 15.0;
				MTL_ENABLE_DEBUG_INFO = NO;
				MTL_FAST_MATH = YES;
				SDKROOT = iphoneos;
				SWIFT_COMPILATION_MODE = wholemodule;
				SWIFT_OPTIMIZATION_LEVEL = "-O";
				VALIDATE_PRODUCT = YES;
			};
			name = Release;
		};
		0B0000000000000000000003 /* Debug */ = {
			isa = XCBuildConfiguration;
			buildSettings = {
				ASSETCATALOG_COMPILER_APPICON_NAME = AppIcon;
				CODE_SIGN_STYLE = Automatic;
				CURRENT_PROJECT_VERSION = 1;
				DEVELOPMENT_ASSET_PATHS = "";
				DEVELOPMENT_TEAM = "";
				GENERATE_INFOPLIST_FILE = NO;
				INFOPLIST_FILE = TemirlanToDo/Info.plist;
				IPHONEOS_DEPLOYMENT_TARGET = 15.0;
				LD_RUNPATH_SEARCH_PATHS = (
					"$(inherited)",
					"@executable_path/Frameworks",
				);
				MARKETING_VERSION = 1.0;
				PRODUCT_BUNDLE_IDENTIFIER = com.temirlan.todo;
				PRODUCT_NAME = "$(TARGET_NAME)";
				SWIFT_EMIT_LOC_STRINGS = YES;
				SWIFT_VERSION = 5.0;
				TARGETED_DEVICE_FAMILY = "1,2";
			};
			name = Debug;
		};
		0B0000000000000000000004 /* Release */ = {
			isa = XCBuildConfiguration;
			buildSettings = {
				ASSETCATALOG_COMPILER_APPICON_NAME = AppIcon;
				CODE_SIGN_STYLE = Automatic;
				CURRENT_PROJECT_VERSION = 1;
				DEVELOPMENT_ASSET_PATHS = "";
				DEVELOPMENT_TEAM = "";
				GENERATE_INFOPLIST_FILE = NO;
				INFOPLIST_FILE = TemirlanToDo/Info.plist;
				IPHONEOS_DEPLOYMENT_TARGET = 15.0;
				LD_RUNPATH_SEARCH_PATHS = (
					"$(inherited)",
					"@executable_path/Frameworks",
				);
				MARKETING_VERSION = 1.0;
				PRODUCT_BUNDLE_IDENTIFIER = com.temirlan.todo;
				PRODUCT_NAME = "$(TARGET_NAME)";
				SWIFT_EMIT_LOC_STRINGS = YES;
				SWIFT_VERSION = 5.0;
				TARGETED_DEVICE_FAMILY = "1,2";
			};
			name = Release;
		};
		0B0000000000000000000005 /* Debug */ = {
			isa = XCBuildConfiguration;
			buildSettings = {
				BUNDLE_LOADER = "$(TEST_HOST)";
				CODE_SIGN_STYLE = Automatic;
				CURRENT_PROJECT_VERSION = 1;
				DEVELOPMENT_TEAM = "";
				GENERATE_INFOPLIST_FILE = NO;
				INFOPLIST_FILE = TemirlanToDoTests/Info.plist;
				IPHONEOS_DEPLOYMENT_TARGET = 15.0;
				LD_RUNPATH_SEARCH_PATHS = (
					"$(inherited)",
					"@executable_path/Frameworks",
					"@loader_path/Frameworks",
				);
				PRODUCT_BUNDLE_IDENTIFIER = com.temirlan.todo.tests;
				PRODUCT_NAME = "$(TARGET_NAME)";
				SWIFT_VERSION = 5.0;
				TARGETED_DEVICE_FAMILY = "1,2";
				TEST_HOST = "$(BUILT_PRODUCTS_DIR)/TemirlanToDo.app/TemirlanToDo";
			};
			name = Debug;
		};
		0B0000000000000000000006 /* Release */ = {
			isa = XCBuildConfiguration;
			buildSettings = {
				BUNDLE_LOADER = "$(TEST_HOST)";
				CODE_SIGN_STYLE = Automatic;
				CURRENT_PROJECT_VERSION = 1;
				DEVELOPMENT_TEAM = "";
				GENERATE_INFOPLIST_FILE = NO;
				INFOPLIST_FILE = TemirlanToDoTests/Info.plist;
				IPHONEOS_DEPLOYMENT_TARGET = 15.0;
				LD_RUNPATH_SEARCH_PATHS = (
					"$(inherited)",
					"@executable_path/Frameworks",
					"@loader_path/Frameworks",
				);
				PRODUCT_BUNDLE_IDENTIFIER = com.temirlan.todo.tests;
				PRODUCT_NAME = "$(TARGET_NAME)";
				SWIFT_VERSION = 5.0;
				TARGETED_DEVICE_FAMILY = "1,2";
				TEST_HOST = "$(BUILT_PRODUCTS_DIR)/TemirlanToDo.app/TemirlanToDo";
			};
			name = Release;
		};
/* End XCBuildConfiguration section */

/* Begin XCConfigurationList section */
		090000000000000000000001 /* Build configuration list for PBXProject "TemirlanToDo" */ = {
			isa = XCConfigurationList;
			buildConfigurations = (
				0B0000000000000000000001 /* Debug */,
				0B0000000000000000000002 /* Release */,
			);
			defaultConfigurationIsVisible = 0;
			defaultConfigurationName = Release;
		};
		090000000000000000000002 /* Build configuration list for PBXNativeTarget "TemirlanToDo" */ = {
			isa = XCConfigurationList;
			buildConfigurations = (
				0B0000000000000000000003 /* Debug */,
				0B0000000000000000000004 /* Release */,
			);
			defaultConfigurationIsVisible = 0;
			defaultConfigurationName = Release;
		};
		090000000000000000000003 /* Build configuration list for PBXNativeTarget "TemirlanToDoTests" */ = {
			isa = XCConfigurationList;
			buildConfigurations = (
				0B0000000000000000000005 /* Debug */,
				0B0000000000000000000006 /* Release */,
			);
			defaultConfigurationIsVisible = 0;
			defaultConfigurationName = Release;
		};
/* End XCConfigurationList section */
	};
	rootObject = 040000000000000000000001 /* Project object */;
}
